
Microsoft Visual Studio Solution File, Format Version 12.00
# Visual Studio Version 17
VisualStudioVersion = 17.3.32929.385
MinimumVisualStudioVersion = 10.0.40219.1
Project("{FAE04EC0-301F-11D3-BF4B-00C04F79EFBC}") = "Inches to Centimeters", "Inches to Centimeters\Inches to Centimeters.csproj", "{230F008C-6897-4EF2-9D39-3D83C8CCA115}"
EndProject
Global
	GlobalSection(SolutionConfigurationPlatforms) = preSolution
		Debug|Any CPU = Debug|Any CPU
		Release|Any CPU = Release|Any CPU
	EndGlobalSection
	GlobalSection(ProjectConfigurationPlatforms) = postSolution
		{230F008C-6897-4EF2-9D39-3D83C8CCA115}.Debug|Any CPU.ActiveCfg = Debug|Any CPU
		{230F008C-6897-4EF2-9D39-3D83C8CCA115}.Debug|Any CPU.Build.0 = Debug|Any CPU
		{230F008C-6897-4EF2-9D39-3D83C8CCA115}.Release|Any CPU.ActiveCfg = Release|Any CPU
		{230F008C-6897-4EF2-9D39-3D83C8CCA115}.Release|Any CPU.Build.0 = Release|Any CPU
	EndGlobalSection
	GlobalSection(SolutionProperties) = preSolution
		HideSolutionNode = FALSE
	EndGlobalSection
	GlobalSection(ExtensibilityGlobals) = postSolution
		SolutionGuid = {189D5B72-DCF4-4E0C-9714-A767018C778D}
	EndGlobalSection
EndGlobal
